{
  "name": "madeshed-site",
  "version": "0.2.0",
  "lockfileVersion": 3,
  "requires": true,
  "packages": {
    "": {
      "name": "madeshed-site",
      "version": "0.2.0",
      "dependencies": {
        "lunar-javascript": "1.6.13"
      }
    },
    "node_modules/lunar-javascript": {
      "version": "1.6.13",
      "resolved": "https://registry.npmjs.org/lunar-javascript/-/lunar-javascript-1.6.13.tgz",
      "integrity": "sha512-UMAq7BZwsQfaKubyJ38HyHAKN4PVnX/gt0iK83qBpnISfKTECxLOuG1ZTRj01XqB2ImpJochLlJLv0EVpZ3ziw==",
      "license": "MIT"
    }
  }
}
